
Microsoft Visual Studio Solution File, Format Version 12.00
# Visual Studio Version 17
VisualStudioVersion = 17.13.35931.197 d17.13
MinimumVisualStudioVersion = 10.0.40219.1
Project("{FAE04EC0-301F-11D3-BF4B-00C04F79EFBC}") = "HangmanServer", "HangmanServer.csproj", "{08BCF73D-F901-40C3-8524-4C064DF723D4}"
EndProject
Global
	GlobalSection(SolutionConfigurationPlatforms) = preSolution
		Debug|Any CPU = Debug|Any CPU
		Release|Any CPU = Release|Any CPU
	EndGlobalSection
	GlobalSection(ProjectConfigurationPlatforms) = postSolution
		{08BCF73D-F901-40C3-8524-4C064DF723D4}.Debug|Any CPU.ActiveCfg = Debug|Any CPU
		{08BCF73D-F901-40C3-8524-4C064DF723D4}.Debug|Any CPU.Build.0 = Debug|Any CPU
		{08BCF73D-F901-40C3-8524-4C064DF723D4}.Release|Any CPU.ActiveCfg = Release|Any CPU
		{08BCF73D-F901-40C3-8524-4C064DF723D4}.Release|Any CPU.Build.0 = Release|Any CPU
	EndGlobalSection
	GlobalSection(SolutionProperties) = preSolution
		HideSolutionNode = FALSE
	EndGlobalSection
	GlobalSection(ExtensibilityGlobals) = postSolution
		SolutionGuid = {5A799A76-D8DA-4EEC-B536-E8BBEBB52B5C}
	EndGlobalSection
EndGlobal
